// !$*UTF8*$!
{
	archiveVersion = 1;
	classes = {
	};
	objectVersion = 48;
	objects = {

/* Begin PBXBuildFile section */
		1AB0909B1FDF7C24006A96FF /* AppDelegate.swift in Sources */ = {isa = PBXBuildFile; fileRef = 1AB0909A1FDF7C24006A96FF /* AppDelegate.swift */; };
		1AB0909D1FDF7C24006A96FF /* art.scnassets in Resources */ = {isa = PBXBuildFile; fileRef = 1AB0909C1FDF7C24006A96FF /* art.scnassets */; };
		1AB0909F1FDF7C24006A96FF /* ViewController.swift in Sources */ = {isa = PBXBuildFile; fileRef = 1AB0909E1FDF7C24006A96FF /* ViewController.swift */; };
		1AB090A21FDF7C24006A96FF /* Main.storyboard in Resources */ = {isa = PBXBuildFile; fileRef = 1AB090A01FDF7C24006A96FF /* Main.storyboard */; };
		1AB090A41FDF7C24006A96FF /* Assets.xcassets in Resources */ = {isa = PBXBuildFile; fileRef = 1AB090A31FDF7C24006A96FF /* Assets.xcassets */; };
		1AB090A71FDF7C24006A96FF /* LaunchScreen.storyboard in Resources */ = {isa = PBXBuildFile; fileRef = 1AB090A51FDF7C24006A96FF /* LaunchScreen.storyboard */; };
/* End PBXBuildFile section */

/* Begin PBXFileReference section */
		1AB090971FDF7C24006A96FF /* Magic Trick.app */ = {isa = PBXFileReference; explicitFileType = wrapper.application; includeInIndex = 0; path = "Magic Trick.app"; sourceTree = BUILT_PRODUCTS_DIR; };
		1AB0909A1FDF7C24006A96FF /* AppDelegate.swift */ = {isa = PBXFileReference; lastKnownFileType = sourcecode.swift; path = AppDelegate.swift; sourceTree = "<group>"; };
		1AB0909C1FDF7C24006A96FF /* art.scnassets */ = {isa = PBXFileReference; lastKnownFileType = wrapper.scnassets; path = art.scnassets; sourceTree = "<group>"; };
		1AB0909E1FDF7C24006A96FF /* ViewController.swift */ = {isa = PBXFileReference; lastKnownFileType = sourcecode.swift; path = ViewController.swift; sourceTree = "<group>"; };
		1AB090A11FDF7C24006A96FF /* Base */ = {isa = PBXFileReference; lastKnownFileType = file.storyboard; name = Base; path = Base.lproj/Main.storyboard; sourceTree = "<group>"; };
		1AB090A31FDF7C24006A96FF /* Assets.xcassets */ = {isa = PBXFileReference; lastKnownFileType = folder.assetcatalog; path = Assets.xcassets; sourceTree = "<group>"; };
		1AB090A61FDF7C24006A96FF /* Base */ = {isa = PBXFileReference; lastKnownFileType = file.storyboard; name = Base; path = Base.lproj/LaunchScreen.storyboard; sourceTree = "<group>"; };
		1AB090A81FDF7C24006A96FF /* Info.plist */ = {isa = PBXFileReference; lastKnownFileType = text.plist.xml; path = Info.plist; sourceTree = "<group>"; };
/* End PBXFileReference section */

/* Begin PBXFrameworksBuildPhase section */
		1AB090941FDF7C24006A96FF /* Frameworks */ = {
			isa = PBXFrameworksBuildPhase;
			buildActionMask = 2147483647;
			files = (
			);
			runOnlyForDeploymentPostprocessing = 0;
		};
/* End PBXFrameworksBuildPhase section */

/* Begin PBXGroup section */
		1AB0908E1FDF7C24006A96FF = {
			isa = PBXGroup;
			children = (
				1AB090991FDF7C24006A96FF /* Magic Trick */,
				1AB090981FDF7C24006A96FF /* Products */,
			);
			sourceTree = "<group>";
		};
		1AB090981FDF7C24006A96FF /* Products */ = {
			isa = PBXGroup;
			children = (
				1AB090971FDF7C24006A96FF /* Magic Trick.app */,
			);
			name = Products;
			sourceTree = "<group>";
		};
		1AB090991FDF7C24006A96FF /* Magic Trick */ = {
			isa = PBXGroup;
			children = (
				1AB0909A1FDF7C24006A96FF /* AppDelegate.swift */,
				1AB0909C1FDF7C24006A96FF /* art.scnassets */,
				1AB0909E1FDF7C24006A96FF /* ViewController.swift */,
				1AB090A01FDF7C24006A96FF /* Main.storyboard */,
				1AB090A31FDF7C24006A96FF /* Assets.xcassets */,
				1AB090A51FDF7C24006A96FF /* LaunchScreen.storyboard */,
				1AB090A81FDF7C24006A96FF /* Info.plist */,
			);
			path = "Magic Trick";
			sourceTree = "<group>";
		};
/* End PBXGroup section */

/* Begin PBXNativeTarget section */
		1AB090961FDF7C24006A96FF /* Magic Trick */ = {
			isa = PBXNativeTarget;
			buildConfigurationList = 1AB090AB1FDF7C24006A96FF /* Build configuration list for PBXNativeTarget "Magic Trick" */;
			buildPhases = (
				1AB090931FDF7C24006A96FF /* Sources */,
				1AB090941FDF7C24006A96FF /* Frameworks */,
				1AB090951FDF7C24006A96FF /* Resources */,
			);
			buildRules = (
			);
			dependencies = (
			);
			name = "Magic Trick";
			productName = "Magic Trick";
			productReference = 1AB090971FDF7C24006A96FF /* Magic Trick.app */;
			productType = "com.apple.product-type.application";
		};
/* End PBXNativeTarget section */

/* Begin PBXProject section */
		1AB0908F1FDF7C24006A96FF /* Project object */ = {
			isa = PBXProject;
			attributes = {
				LastSwiftUpdateCheck = 0920;
				LastUpgradeCheck = 0920;
				ORGANIZATIONNAME = "Weldys Santos";
				TargetAttributes = {
					1AB090961FDF7C24006A96FF = {
						CreatedOnToolsVersion = 9.2;
						ProvisioningStyle = Automatic;
					};
				};
			};
			buildConfigurationList = 1AB090921FDF7C24006A96FF /* Build configuration list for PBXProject "Magic Trick" */;
			compatibilityVersion = "Xcode 8.0";
			developmentRegion = en;
			hasScannedForEncodings = 0;
			knownRegions = (
				en,
				Base,
			);
			mainGroup = 1AB0908E1FDF7C24006A96FF;
			productRefGroup = 1AB090981FDF7C24006A96FF /* Products */;
			projectDirPath = "";
			projectRoot = "";
			targets = (
				1AB090961FDF7C24006A96FF /* Magic Trick */,
			);
		};
/* End PBXProject section */

/* Begin PBXResourcesBuildPhase section */
		1AB090951FDF7C24006A96FF /* Resources */ = {
			isa = PBXResourcesBuildPhase;
			buildActionMask = 2147483647;
			files = (
				1AB0909D1FDF7C24006A96FF /* art.scnassets in Resources */,
				1AB090A71FDF7C24006A96FF /* LaunchScreen.storyboard in Resources */,
				1AB090A41FDF7C24006A96FF /* Assets.xcassets in Resources */,
				1AB090A21FDF7C24006A96FF /* Main.storyboard in Resources */,
			);
			runOnlyForDeploymentPostprocessing = 0;
		};
/* End PBXResourcesBuildPhase section */

/* Begin PBXSourcesBuildPhase section */
		1AB090931FDF7C24006A96FF /* Sources */ = {
			isa = PBXSourcesBuildPhase;
			buildActionMask = 2147483647;
			files = (
				1AB0909F1FDF7C24006A96FF /* ViewController.swift in Sources */,
				1AB0909B1FDF7C24006A96FF /* AppDelegate.swift in Sources */,
			);
			runOnlyForDeploymentPostprocessing = 0;
		};
/* End PBXSourcesBuildPhase section */

/* Begin PBXVariantGroup section */
		1AB090A01FDF7C24006A96FF /* Main.storyboard */ = {
			isa = PBXVariantGroup;
			children = (
				1AB090A11FDF7C24006A96FF /* Base */,
			);
			name = Main.storyboard;
			sourceTree = "<group>";
		};
		1AB090A51FDF7C24006A96FF /* LaunchScreen.storyboard */ = {
			isa = PBXVariantGroup;
			children = (
				1AB090A61FDF7C24006A96FF /* Base */,
			);
			name = LaunchScreen.storyboard;
			sourceTree = "<group>";
		};
/* End PBXVariantGroup section */

/* Begin XCBuildConfiguration section */
		1AB090A91FDF7C24006A96FF /* Debug */ = {
			isa = XCBuildConfiguration;
			buildSettings = {
				ALWAYS_SEARCH_USER_PATHS = NO;
				CLANG_ANALYZER_NONNULL = YES;
				CLANG_ANALYZER_NUMBER_OBJECT_CONVERSION = YES_AGGRESSIVE;
				CLANG_CXX_LANGUAGE_STANDARD = "gnu++14";
				CLANG_CXX_LIBRARY = "libc++";
				CLANG_ENABLE_MODULES = YES;
				CLANG_ENABLE_OBJC_ARC = YES;
				CLANG_WARN_BLOCK_CAPTURE_AUTORELEASING = YES;
				CLANG_WARN_BOOL_CONVERSION = YES;
				CLANG_WARN_COMMA = YES;
				CLANG_WARN_CONSTANT_CONVERSION = YES;
				CLANG_WARN_DIRECT_OBJC_ISA_USAGE = YES_ERROR;
				CLANG_WARN_DOCUMENTATION_COMMENTS = YES;
				CLANG_WARN_EMPTY_BODY = YES;
				CLANG_WARN_ENUM_CONVERSION = YES;
				CLANG_WARN_INFINITE_RECURSION = YES;
				CLANG_WARN_INT_CONVERSION = YES;
				CLANG_WARN_NON_LITERAL_NULL_CONVERSION = YES;
				CLANG_WARN_OBJC_LITERAL_CONVERSION = YES;
				CLANG_WARN_OBJC_ROOT_CLASS = YES_ERROR;
				CLANG_WARN_RANGE_LOOP_ANALYSIS = YES;
				CLANG_WARN_STRICT_PROTOTYPES = YES;
				CLANG_WARN_SUSPICIOUS_MOVE = YES;
				CLANG_WARN_UNGUARDED_AVAILABILITY = YES_AGGRESSIVE;
				CLANG_WARN_UNREACHABLE_CODE = YES;
				CLANG_WARN__DUPLICATE_METHOD_MATCH = YES;
				CODE_SIGN_IDENTITY = "iPhone Developer";
				COPY_PHASE_STRIP = NO;
				DEBUG_INFORMATION_FORMAT = dwarf;
				ENABLE_STRICT_OBJC_MSGSEND = YES;
				ENABLE_TESTABILITY = YES;
				GCC_C_LANGUAGE_STANDARD = gnu11;
				GCC_DYNAMIC_NO_PIC = NO;
				GCC_NO_COMMON_BLOCKS = YES;
				GCC_OPTIMIZATION_LEVEL = 0;
				GCC_PREPROCESSOR_DEFINITIONS = (
					"DEBUG=1",
					"$(inherited)",
				);
				GCC_WARN_64_TO_32_BIT_CONVERSION = YES;
				GCC_WARN_ABOUT_RETURN_TYPE = YES_ERROR;
				GCC_WARN_UNDECLARED_SELECTOR = YES;
				GCC_WARN_UNINITIALIZED_AUTOS = YES_AGGRESSIVE;
				GCC_WARN_UNUSED_FUNCTION = YES;
				GCC_WARN_UNUSED_VARIABLE = YES;
				IPHONEOS_DEPLOYMENT_TARGET = 11.2;
				MTL_ENABLE_DEBUG_INFO = YES;
				ONLY_ACTIVE_ARCH = YES;
				SDKROOT = iphoneos;
				SWIFT_ACTIVE_COMPILATION_CONDITIONS = DEBUG;
				SWIFT_OPTIMIZATION_LEVEL = "-Onone";
			};
			name = Debug;
		};
		1AB090AA1FDF7C24006A96FF /* Release */ = {
			isa = XCBuildConfiguration;
			buildSettings = {
				ALWAYS_SEARCH_USER_PATHS = NO;
				CLANG_ANALYZER_NONNULL = YES;
				CLANG_ANALYZER_NUMBER_OBJECT_CONVERSION = YES_AGGRESSIVE;
				CLANG_CXX_LANGUAGE_STANDARD = "gnu++14";
				CLANG_CXX_LIBRARY = "libc++";
				CLANG_ENABLE_MODULES = YES;
				CLANG_ENABLE_OBJC_ARC = YES;
				CLANG_WARN_BLOCK_CAPTURE_AUTORELEASING = YES;
				CLANG_WARN_BOOL_CONVERSION = YES;
				CLANG_WARN_COMMA = YES;
				CLANG_WARN_CONSTANT_CONVERSION = YES;
				CLANG_WARN_DIRECT_OBJC_ISA_USAGE = YES_ERROR;
				CLANG_WARN_DOCUMENTATION_COMMENTS = YES;
				CLANG_WARN_EMPTY_BODY = YES;
				CLANG_WARN_ENUM_CONVERSION = YES;
				CLANG_WARN_INFINITE_RECURSION = YES;
				CLANG_WARN_INT_CONVERSION = YES;
				CLANG_WARN_NON_LITERAL_NULL_CONVERSION = YES;
				CLANG_WARN_OBJC_LITERAL_CONVERSION = YES;
				CLANG_WARN_OBJC_ROOT_CLASS = YES_ERROR;
				CLANG_WARN_RANGE_LOOP_ANALYSIS = YES;
				CLANG_WARN_STRICT_PROTOTYPES = YES;
				CLANG_WARN_SUSPICIOUS_MOVE = YES;
				CLANG_WARN_UNGUARDED_AVAILABILITY = YES_AGGRESSIVE;
				CLANG_WARN_UNREACHABLE_CODE = YES;
				CLANG_WARN__DUPLICATE_METHOD_MATCH = YES;
				CODE_SIGN_IDENTITY = "iPhone Developer";
				COPY_PHASE_STRIP = NO;
				DEBUG_INFORMATION_FORMAT = "dwarf-with-dsym";
				ENABLE_NS_ASSERTIONS = NO;
				ENABLE_STRICT_OBJC_MSGSEND = YES;
				GCC_C_LANGUAGE_STANDARD = gnu11;
				GCC_NO_COMMON_BLOCKS = YES;
				GCC_WARN_64_TO_32_BIT_CONVERSION = YES;
				GCC_WARN_ABOUT_RETURN_TYPE = YES_ERROR;
				GCC_WARN_UNDECLARED_SELECTOR = YES;
				GCC_WARN_UNINITIALIZED_AUTOS = YES_AGGRESSIVE;
				GCC_WARN_UNUSED_FUNCTION = YES;
				GCC_WARN_UNUSED_VARIABLE = YES;
				IPHONEOS_DEPLOYMENT_TARGET = 11.2;
				MTL_ENABLE_DEBUG_INFO = NO;
				SDKROOT = iphoneos;
				SWIFT_OPTIMIZATION_LEVEL = "-Owholemodule";
				VALIDATE_PRODUCT = YES;
			};
			name = Release;
		};
		1AB090AC1FDF7C24006A96FF /* Debug */ = {
			isa = XCBuildConfiguration;
			buildSettings = {
				ASSETCATALOG_COMPILER_APPICON_NAME = AppIcon;
				CODE_SIGN_STYLE = Automatic;
				INFOPLIST_FILE = "Magic Trick/Info.plist";
				LD_RUNPATH_SEARCH_PATHS = "$(inherited) @executable_path/Frameworks";
				PRODUCT_BUNDLE_IDENTIFIER = "Conectiva.Magic-Trick";
				PRODUCT_NAME = "$(TARGET_NAME)";
				SWIFT_VERSION = 4.0;
				TARGETED_DEVICE_FAMILY = "1,2";
			};
			name = Debug;
		};
		1AB090AD1FDF7C24006A96FF /* Release */ = {
			isa = XCBuildConfiguration;
			buildSettings = {
				ASSETCATALOG_COMPILER_APPICON_NAME = AppIcon;
				CODE_SIGN_STYLE = Automatic;
				INFOPLIST_FILE = "Magic Trick/Info.plist";
				LD_RUNPATH_SEARCH_PATHS = "$(inherited) @executable_path/Frameworks";
				PRODUCT_BUNDLE_IDENTIFIER = "Conectiva.Magic-Trick";
				PRODUCT_NAME = "$(TARGET_NAME)";
				SWIFT_VERSION = 4.0;
				TARGETED_DEVICE_FAMILY = "1,2";
			};
			name = Release;
		};
/* End XCBuildConfiguration section */

/* Begin XCConfigurationList section */
		1AB090921FDF7C24006A96FF /* Build configuration list for PBXProject "Magic Trick" */ = {
			isa = XCConfigurationList;
			buildConfigurations = (
				1AB090A91FDF7C24006A96FF /* Debug */,
				1AB090AA1FDF7C24006A96FF /* Release */,
			);
			defaultConfigurationIsVisible = 0;
			defaultConfigurationName = Release;
		};
		1AB090AB1FDF7C24006A96FF /* Build configuration list for PBXNativeTarget "Magic Trick" */ = {
			isa = XCConfigurationList;
			buildConfigurations = (
				1AB090AC1FDF7C24006A96FF /* Debug */,
				1AB090AD1FDF7C24006A96FF /* Release */,
			);
			defaultConfigurationIsVisible = 0;
			defaultConfigurationName = Release;
		};
/* End XCConfigurationList section */
	};
	rootObject = 1AB0908F1FDF7C24006A96FF /* Project object */;
}
